
Microsoft Visual Studio Solution File, Format Version 12.00
# Visual Studio Version 17
VisualStudioVersion = 17.14.36301.6 d17.14
MinimumVisualStudioVersion = 10.0.40219.1
Project("{FAE04EC0-301F-11D3-BF4B-00C04F79EFBC}") = "TaskManagementApi", "TaskManagementApi\TaskManagementApi.csproj", "{DABA5EFC-F7D9-472B-8B34-B2231139F32D}"
EndProject
Global
	GlobalSection(SolutionConfigurationPlatforms) = preSolution
		Debug|Any CPU = Debug|Any CPU
		Release|Any CPU = Release|Any CPU
	EndGlobalSection
	GlobalSection(ProjectConfigurationPlatforms) = postSolution
		{DABA5EFC-F7D9-472B-8B34-B2231139F32D}.Debug|Any CPU.ActiveCfg = Debug|Any CPU
		{DABA5EFC-F7D9-472B-8B34-B2231139F32D}.Debug|Any CPU.Build.0 = Debug|Any CPU
		{DABA5EFC-F7D9-472B-8B34-B2231139F32D}.Release|Any CPU.ActiveCfg = Release|Any CPU
		{DABA5EFC-F7D9-472B-8B34-B2231139F32D}.Release|Any CPU.Build.0 = Release|Any CPU
	EndGlobalSection
	GlobalSection(SolutionProperties) = preSolution
		HideSolutionNode = FALSE
	EndGlobalSection
	GlobalSection(ExtensibilityGlobals) = postSolution
		SolutionGuid = {2D447F34-5E47-4735-86FA-0141FAAD9AED}
	EndGlobalSection
EndGlobal
